Microsoft Visual Studio Solution File, Format Version 12.00
Project("{FAE04EC0-301F-11D3-BF4B-00C04F79EFBC}") = "SW.Scheduler", "SW.Scheduler\SW.Scheduler.csproj", "{84107FBF-AFE3-40F9-B7A2-35961F6E9C7C}"
EndProject
Project("{FAE04EC0-301F-11D3-BF4B-00C04F79EFBC}") = "SW.Scheduler.EfCore", "SW.Scheduler.EfCore\SW.Scheduler.EfCore.csproj", "{A1B2C3D4-E5F6-4789-ABCD-0123456789AB}"
EndProject
Project("{FAE04EC0-301F-11D3-BF4B-00C04F79EFBC}") = "SampleApplication", "SampleApplication\SampleApplication.csproj", "{1103A31A-EBAA-41BB-9364-27C3E0D09D4A}"
EndProject
Global
	GlobalSection(SolutionConfigurationPlatforms) = preSolution
		Debug|Any CPU = Debug|Any CPU
		Release|Any CPU = Release|Any CPU
	EndGlobalSection
	GlobalSection(ProjectConfigurationPlatforms) = postSolution
		{84107FBF-AFE3-40F9-B7A2-35961F6E9C7C}.Debug|Any CPU.ActiveCfg = Debug|Any CPU
		{84107FBF-AFE3-40F9-B7A2-35961F6E9C7C}.Debug|Any CPU.Build.0 = Debug|Any CPU
		{84107FBF-AFE3-40F9-B7A2-35961F6E9C7C}.Release|Any CPU.ActiveCfg = Release|Any CPU
		{84107FBF-AFE3-40F9-B7A2-35961F6E9C7C}.Release|Any CPU.Build.0 = Release|Any CPU
		{A1B2C3D4-E5F6-4789-ABCD-0123456789AB}.Debug|Any CPU.ActiveCfg = Debug|Any CPU
		{A1B2C3D4-E5F6-4789-ABCD-0123456789AB}.Debug|Any CPU.Build.0 = Debug|Any CPU
		{A1B2C3D4-E5F6-4789-ABCD-0123456789AB}.Release|Any CPU.ActiveCfg = Release|Any CPU
		{A1B2C3D4-E5F6-4789-ABCD-0123456789AB}.Release|Any CPU.Build.0 = Release|Any CPU
		{1103A31A-EBAA-41BB-9364-27C3E0D09D4A}.Debug|Any CPU.ActiveCfg = Debug|Any CPU
		{1103A31A-EBAA-41BB-9364-27C3E0D09D4A}.Debug|Any CPU.Build.0 = Debug|Any CPU
		{1103A31A-EBAA-41BB-9364-27C3E0D09D4A}.Release|Any CPU.ActiveCfg = Release|Any CPU
		{1103A31A-EBAA-41BB-9364-27C3E0D09D4A}.Release|Any CPU.Build.0 = Release|Any CPU
	EndGlobalSection
EndGlobal
