
Microsoft Visual Studio Solution File, Format Version 12.00
Project("{FAE04EC0-301F-11D3-BF4B-00C04F79EFBC}") = "SW.Scheduler", "SW.Scheduler\SW.Scheduler.csproj", "{84107FBF-AFE3-40F9-B7A2-35961F6E9C7C}"
EndProject
Project("{FAE04EC0-301F-11D3-BF4B-00C04F79EFBC}") = "SW.Scheduler.EfCore", "SW.Scheduler.EfCore\SW.Scheduler.EfCore.csproj", "{A1B2C3D4-E5F6-4789-ABCD-0123456789AB}"
EndProject
Project("{FAE04EC0-301F-11D3-BF4B-00C04F79EFBC}") = "SampleApplication", "SampleApplication\SampleApplication.csproj", "{1103A31A-EBAA-41BB-9364-27C3E0D09D4A}"
EndProject
Project("{FAE04EC0-301F-11D3-BF4B-00C04F79EFBC}") = "SW.Scheduler.Sdk", "SW.Scheduler.Sdk\SW.Scheduler.Sdk.csproj", "{3B39F5A1-BAD1-4FE0-9A90-85778655AF12}"
EndProject
Project("{FAE04EC0-301F-11D3-BF4B-00C04F79EFBC}") = "SW.Scheduler.PgSql", "SW.Scheduler.PgSql\SW.Scheduler.PgSql.csproj", "{CBF60B0A-FD7B-4426-9830-40FEC560325F}"
EndProject
Global
	GlobalSection(SolutionConfigurationPlatforms) = preSolution
		Debug|Any CPU = Debug|Any CPU
		Debug|x64 = Debug|x64
		Debug|x86 = Debug|x86
		Release|Any CPU = Release|Any CPU
		Release|x64 = Release|x64
		Release|x86 = Release|x86
	EndGlobalSection
	GlobalSection(ProjectConfigurationPlatforms) = postSolution
		{84107FBF-AFE3-40F9-B7A2-35961F6E9C7C}.Debug|Any CPU.ActiveCfg = Debug|Any CPU
		{84107FBF-AFE3-40F9-B7A2-35961F6E9C7C}.Debug|Any CPU.Build.0 = Debug|Any CPU
		{84107FBF-AFE3-40F9-B7A2-35961F6E9C7C}.Debug|x64.ActiveCfg = Debug|Any CPU
		{84107FBF-AFE3-40F9-B7A2-35961F6E9C7C}.Debug|x64.Build.0 = Debug|Any CPU
		{84107FBF-AFE3-40F9-B7A2-35961F6E9C7C}.Debug|x86.ActiveCfg = Debug|Any CPU
		{84107FBF-AFE3-40F9-B7A2-35961F6E9C7C}.Debug|x86.Build.0 = Debug|Any CPU
		{84107FBF-AFE3-40F9-B7A2-35961F6E9C7C}.Release|Any CPU.ActiveCfg = Release|Any CPU
		{84107FBF-AFE3-40F9-B7A2-35961F6E9C7C}.Release|Any CPU.Build.0 = Release|Any CPU
		{84107FBF-AFE3-40F9-B7A2-35961F6E9C7C}.Release|x64.ActiveCfg = Release|Any CPU
		{84107FBF-AFE3-40F9-B7A2-35961F6E9C7C}.Release|x64.Build.0 = Release|Any CPU
		{84107FBF-AFE3-40F9-B7A2-35961F6E9C7C}.Release|x86.ActiveCfg = Release|Any CPU
		{84107FBF-AFE3-40F9-B7A2-35961F6E9C7C}.Release|x86.Build.0 = Release|Any CPU
		{A1B2C3D4-E5F6-4789-ABCD-0123456789AB}.Debug|Any CPU.ActiveCfg = Debug|Any CPU
		{A1B2C3D4-E5F6-4789-ABCD-0123456789AB}.Debug|Any CPU.Build.0 = Debug|Any CPU
		{A1B2C3D4-E5F6-4789-ABCD-0123456789AB}.Debug|x64.ActiveCfg = Debug|Any CPU
		{A1B2C3D4-E5F6-4789-ABCD-0123456789AB}.Debug|x64.Build.0 = Debug|Any CPU
		{A1B2C3D4-E5F6-4789-ABCD-0123456789AB}.Debug|x86.ActiveCfg = Debug|Any CPU
		{A1B2C3D4-E5F6-4789-ABCD-0123456789AB}.Debug|x86.Build.0 = Debug|Any CPU
		{A1B2C3D4-E5F6-4789-ABCD-0123456789AB}.Release|Any CPU.ActiveCfg = Release|Any CPU
		{A1B2C3D4-E5F6-4789-ABCD-0123456789AB}.Release|Any CPU.Build.0 = Release|Any CPU
		{A1B2C3D4-E5F6-4789-ABCD-0123456789AB}.Release|x64.ActiveCfg = Release|Any CPU
		{A1B2C3D4-E5F6-4789-ABCD-0123456789AB}.Release|x64.Build.0 = Release|Any CPU
		{A1B2C3D4-E5F6-4789-ABCD-0123456789AB}.Release|x86.ActiveCfg = Release|Any CPU
		{A1B2C3D4-E5F6-4789-ABCD-0123456789AB}.Release|x86.Build.0 = Release|Any CPU
		{1103A31A-EBAA-41BB-9364-27C3E0D09D4A}.Debug|Any CPU.ActiveCfg = Debug|Any CPU
		{1103A31A-EBAA-41BB-9364-27C3E0D09D4A}.Debug|Any CPU.Build.0 = Debug|Any CPU
		{1103A31A-EBAA-41BB-9364-27C3E0D09D4A}.Debug|x64.ActiveCfg = Debug|Any CPU
		{1103A31A-EBAA-41BB-9364-27C3E0D09D4A}.Debug|x64.Build.0 = Debug|Any CPU
		{1103A31A-EBAA-41BB-9364-27C3E0D09D4A}.Debug|x86.ActiveCfg = Debug|Any CPU
		{1103A31A-EBAA-41BB-9364-27C3E0D09D4A}.Debug|x86.Build.0 = Debug|Any CPU
		{1103A31A-EBAA-41BB-9364-27C3E0D09D4A}.Release|Any CPU.ActiveCfg = Release|Any CPU
		{1103A31A-EBAA-41BB-9364-27C3E0D09D4A}.Release|Any CPU.Build.0 = Release|Any CPU
		{1103A31A-EBAA-41BB-9364-27C3E0D09D4A}.Release|x64.ActiveCfg = Release|Any CPU
		{1103A31A-EBAA-41BB-9364-27C3E0D09D4A}.Release|x64.Build.0 = Release|Any CPU
		{1103A31A-EBAA-41BB-9364-27C3E0D09D4A}.Release|x86.ActiveCfg = Release|Any CPU
		{1103A31A-EBAA-41BB-9364-27C3E0D09D4A}.Release|x86.Build.0 = Release|Any CPU
		{3B39F5A1-BAD1-4FE0-9A90-85778655AF12}.Debug|Any CPU.ActiveCfg = Debug|Any CPU
		{3B39F5A1-BAD1-4FE0-9A90-85778655AF12}.Debug|Any CPU.Build.0 = Debug|Any CPU
		{3B39F5A1-BAD1-4FE0-9A90-85778655AF12}.Debug|x64.ActiveCfg = Debug|Any CPU
		{3B39F5A1-BAD1-4FE0-9A90-85778655AF12}.Debug|x64.Build.0 = Debug|Any CPU
		{3B39F5A1-BAD1-4FE0-9A90-85778655AF12}.Debug|x86.ActiveCfg = Debug|Any CPU
		{3B39F5A1-BAD1-4FE0-9A90-85778655AF12}.Debug|x86.Build.0 = Debug|Any CPU
		{3B39F5A1-BAD1-4FE0-9A90-85778655AF12}.Release|Any CPU.ActiveCfg = Release|Any CPU
		{3B39F5A1-BAD1-4FE0-9A90-85778655AF12}.Release|Any CPU.Build.0 = Release|Any CPU
		{3B39F5A1-BAD1-4FE0-9A90-85778655AF12}.Release|x64.ActiveCfg = Release|Any CPU
		{3B39F5A1-BAD1-4FE0-9A90-85778655AF12}.Release|x64.Build.0 = Release|Any CPU
		{3B39F5A1-BAD1-4FE0-9A90-85778655AF12}.Release|x86.ActiveCfg = Release|Any CPU
		{3B39F5A1-BAD1-4FE0-9A90-85778655AF12}.Release|x86.Build.0 = Release|Any CPU
		{CBF60B0A-FD7B-4426-9830-40FEC560325F}.Debug|Any CPU.ActiveCfg = Debug|Any CPU
		{CBF60B0A-FD7B-4426-9830-40FEC560325F}.Debug|Any CPU.Build.0 = Debug|Any CPU
		{CBF60B0A-FD7B-4426-9830-40FEC560325F}.Debug|x64.ActiveCfg = Debug|Any CPU
		{CBF60B0A-FD7B-4426-9830-40FEC560325F}.Debug|x64.Build.0 = Debug|Any CPU
		{CBF60B0A-FD7B-4426-9830-40FEC560325F}.Debug|x86.ActiveCfg = Debug|Any CPU
		{CBF60B0A-FD7B-4426-9830-40FEC560325F}.Debug|x86.Build.0 = Debug|Any CPU
		{CBF60B0A-FD7B-4426-9830-40FEC560325F}.Release|Any CPU.ActiveCfg = Release|Any CPU
		{CBF60B0A-FD7B-4426-9830-40FEC560325F}.Release|Any CPU.Build.0 = Release|Any CPU
		{CBF60B0A-FD7B-4426-9830-40FEC560325F}.Release|x64.ActiveCfg = Release|Any CPU
		{CBF60B0A-FD7B-4426-9830-40FEC560325F}.Release|x64.Build.0 = Release|Any CPU
		{CBF60B0A-FD7B-4426-9830-40FEC560325F}.Release|x86.ActiveCfg = Release|Any CPU
		{CBF60B0A-FD7B-4426-9830-40FEC560325F}.Release|x86.Build.0 = Release|Any CPU
	EndGlobalSection
	GlobalSection(SolutionProperties) = preSolution
		HideSolutionNode = FALSE
	EndGlobalSection
EndGlobal
